
Microsoft Visual Studio Solution File, Format Version 12.00
# Visual Studio Version 16
VisualStudioVersion = 16.0.30225.117
MinimumVisualStudioVersion = 10.0.40219.1
Project("{FAE04EC0-301F-11D3-BF4B-00C04F79EFBC}") = "ConsoleApp1", "ConsoleApp1.csproj", "{F07B271B-E0C9-4F22-8B3B-AF37D885FBDA}"
EndProject
Global
	GlobalSection(SolutionConfigurationPlatforms) = preSolution
		Debug|Any CPU = Debug|Any CPU
		Release|Any CPU = Release|Any CPU
	EndGlobalSection
	GlobalSection(ProjectConfigurationPlatforms) = postSolution
		{F07B271B-E0C9-4F22-8B3B-AF37D885FBDA}.Debug|Any CPU.ActiveCfg = Debug|Any CPU
		{F07B271B-E0C9-4F22-8B3B-AF37D885FBDA}.Debug|Any CPU.Build.0 = Debug|Any CPU
		{F07B271B-E0C9-4F22-8B3B-AF37D885FBDA}.Release|Any CPU.ActiveCfg = Release|Any CPU
		{F07B271B-E0C9-4F22-8B3B-AF37D885FBDA}.Release|Any CPU.Build.0 = Release|Any CPU
	EndGlobalSection
	GlobalSection(SolutionProperties) = preSolution
		HideSolutionNode = FALSE
	EndGlobalSection
	GlobalSection(ExtensibilityGlobals) = postSolution
		SolutionGuid = {4F3FDCCC-F79A-4245-A7BA-B65430601833}
	EndGlobalSection
EndGlobal
