
Microsoft Visual Studio Solution File, Format Version 12.00
# Visual Studio Version 16
VisualStudioVersion = 16.0.30225.117
MinimumVisualStudioVersion = 10.0.40219.1
Project("{FAE04EC0-301F-11D3-BF4B-00C04F79EFBC}") = "Boss fight", "Boss fight.csproj", "{1CF89122-C50A-494A-9F98-2D6F8DDF9FC1}"
EndProject
Global
	GlobalSection(SolutionConfigurationPlatforms) = preSolution
		Debug|Any CPU = Debug|Any CPU
		Release|Any CPU = Release|Any CPU
	EndGlobalSection
	GlobalSection(ProjectConfigurationPlatforms) = postSolution
		{1CF89122-C50A-494A-9F98-2D6F8DDF9FC1}.Debug|Any CPU.ActiveCfg = Debug|Any CPU
		{1CF89122-C50A-494A-9F98-2D6F8DDF9FC1}.Debug|Any CPU.Build.0 = Debug|Any CPU
		{1CF89122-C50A-494A-9F98-2D6F8DDF9FC1}.Release|Any CPU.ActiveCfg = Release|Any CPU
		{1CF89122-C50A-494A-9F98-2D6F8DDF9FC1}.Release|Any CPU.Build.0 = Release|Any CPU
	EndGlobalSection
	GlobalSection(SolutionProperties) = preSolution
		HideSolutionNode = FALSE
	EndGlobalSection
	GlobalSection(ExtensibilityGlobals) = postSolution
		SolutionGuid = {AA41688B-63D9-418D-B80B-B33F95C0C75D}
	EndGlobalSection
EndGlobal
