
Microsoft Visual Studio Solution File, Format Version 12.00
# Visual Studio Version 16
VisualStudioVersion = 16.0.30225.117
MinimumVisualStudioVersion = 10.0.40219.1
Project("{FAE04EC0-301F-11D3-BF4B-00C04F79EFBC}") = "currency Converter 3", "currency Converter 3.csproj", "{A2F226EE-F773-464B-872F-5684CD730203}"
EndProject
Global
	GlobalSection(SolutionConfigurationPlatforms) = preSolution
		Debug|Any CPU = Debug|Any CPU
		Release|Any CPU = Release|Any CPU
	EndGlobalSection
	GlobalSection(ProjectConfigurationPlatforms) = postSolution
		{A2F226EE-F773-464B-872F-5684CD730203}.Debug|Any CPU.ActiveCfg = Debug|Any CPU
		{A2F226EE-F773-464B-872F-5684CD730203}.Debug|Any CPU.Build.0 = Debug|Any CPU
		{A2F226EE-F773-464B-872F-5684CD730203}.Release|Any CPU.ActiveCfg = Release|Any CPU
		{A2F226EE-F773-464B-872F-5684CD730203}.Release|Any CPU.Build.0 = Release|Any CPU
	EndGlobalSection
	GlobalSection(SolutionProperties) = preSolution
		HideSolutionNode = FALSE
	EndGlobalSection
	GlobalSection(ExtensibilityGlobals) = postSolution
		SolutionGuid = {986832D0-E49C-4ACF-AFD5-D508214FBF21}
	EndGlobalSection
EndGlobal
