
Microsoft Visual Studio Solution File, Format Version 12.00
# Visual Studio Version 16
VisualStudioVersion = 16.0.30309.148
MinimumVisualStudioVersion = 10.0.40219.1
Project("{FAE04EC0-301F-11D3-BF4B-00C04F79EFBC}") = "The queue at the store №25", "The queue at the store №25\The queue at the store №25.csproj", "{87A5F359-BD2F-4BF0-890C-71E153B69F46}"
EndProject
Global
	GlobalSection(SolutionConfigurationPlatforms) = preSolution
		Debug|Any CPU = Debug|Any CPU
		Release|Any CPU = Release|Any CPU
	EndGlobalSection
	GlobalSection(ProjectConfigurationPlatforms) = postSolution
		{87A5F359-BD2F-4BF0-890C-71E153B69F46}.Debug|Any CPU.ActiveCfg = Debug|Any CPU
		{87A5F359-BD2F-4BF0-890C-71E153B69F46}.Debug|Any CPU.Build.0 = Debug|Any CPU
		{87A5F359-BD2F-4BF0-890C-71E153B69F46}.Release|Any CPU.ActiveCfg = Release|Any CPU
		{87A5F359-BD2F-4BF0-890C-71E153B69F46}.Release|Any CPU.Build.0 = Release|Any CPU
	EndGlobalSection
	GlobalSection(SolutionProperties) = preSolution
		HideSolutionNode = FALSE
	EndGlobalSection
	GlobalSection(ExtensibilityGlobals) = postSolution
		SolutionGuid = {E8DF5674-7977-46B7-A3C7-8C7EF0369115}
	EndGlobalSection
EndGlobal
