
Microsoft Visual Studio Solution File, Format Version 12.00
# Visual Studio Version 16
VisualStudioVersion = 16.0.31129.286
MinimumVisualStudioVersion = 10.0.40219.1
Project("{FAE04EC0-301F-11D3-BF4B-00C04F79EFBC}") = "sorting numbers", "sorting numbers\sorting numbers.csproj", "{C66774F4-B1D0-427E-BC60-54DFFC07EF62}"
EndProject
Global
	GlobalSection(SolutionConfigurationPlatforms) = preSolution
		Debug|Any CPU = Debug|Any CPU
		Release|Any CPU = Release|Any CPU
	EndGlobalSection
	GlobalSection(ProjectConfigurationPlatforms) = postSolution
		{C66774F4-B1D0-427E-BC60-54DFFC07EF62}.Debug|Any CPU.ActiveCfg = Debug|Any CPU
		{C66774F4-B1D0-427E-BC60-54DFFC07EF62}.Debug|Any CPU.Build.0 = Debug|Any CPU
		{C66774F4-B1D0-427E-BC60-54DFFC07EF62}.Release|Any CPU.ActiveCfg = Release|Any CPU
		{C66774F4-B1D0-427E-BC60-54DFFC07EF62}.Release|Any CPU.Build.0 = Release|Any CPU
	EndGlobalSection
	GlobalSection(SolutionProperties) = preSolution
		HideSolutionNode = FALSE
	EndGlobalSection
	GlobalSection(ExtensibilityGlobals) = postSolution
		SolutionGuid = {6817935F-DFC4-4D34-86A6-C6C60212CE8B}
	EndGlobalSection
EndGlobal
