
Microsoft Visual Studio Solution File, Format Version 12.00
# Visual Studio Version 16
VisualStudioVersion = 16.0.30309.148
MinimumVisualStudioVersion = 10.0.40219.1
Project("{FAE04EC0-301F-11D3-BF4B-00C04F79EFBC}") = "Explanatory Dictionary 24", "Explanatory Dictionary 24\Explanatory Dictionary 24.csproj", "{5D930764-D772-43A4-91CF-9184338B4CC4}"
EndProject
Global
	GlobalSection(SolutionConfigurationPlatforms) = preSolution
		Debug|Any CPU = Debug|Any CPU
		Release|Any CPU = Release|Any CPU
	EndGlobalSection
	GlobalSection(ProjectConfigurationPlatforms) = postSolution
		{5D930764-D772-43A4-91CF-9184338B4CC4}.Debug|Any CPU.ActiveCfg = Debug|Any CPU
		{5D930764-D772-43A4-91CF-9184338B4CC4}.Debug|Any CPU.Build.0 = Debug|Any CPU
		{5D930764-D772-43A4-91CF-9184338B4CC4}.Release|Any CPU.ActiveCfg = Release|Any CPU
		{5D930764-D772-43A4-91CF-9184338B4CC4}.Release|Any CPU.Build.0 = Release|Any CPU
	EndGlobalSection
	GlobalSection(SolutionProperties) = preSolution
		HideSolutionNode = FALSE
	EndGlobalSection
	GlobalSection(ExtensibilityGlobals) = postSolution
		SolutionGuid = {1677D089-C817-462B-AF40-369FCA415174}
	EndGlobalSection
EndGlobal
