
Microsoft Visual Studio Solution File, Format Version 12.00
# Visual Studio Version 16
VisualStudioVersion = 16.0.30309.148
MinimumVisualStudioVersion = 10.0.40219.1
Project("{FAE04EC0-301F-11D3-BF4B-00C04F79EFBC}") = "Kansas City Shuffle", "Kansas City Shuffle\Kansas City Shuffle.csproj", "{DD823CA7-15A3-408E-9D42-BB2A5A1E0418}"
EndProject
Global
	GlobalSection(SolutionConfigurationPlatforms) = preSolution
		Debug|Any CPU = Debug|Any CPU
		Release|Any CPU = Release|Any CPU
	EndGlobalSection
	GlobalSection(ProjectConfigurationPlatforms) = postSolution
		{DD823CA7-15A3-408E-9D42-BB2A5A1E0418}.Debug|Any CPU.ActiveCfg = Debug|Any CPU
		{DD823CA7-15A3-408E-9D42-BB2A5A1E0418}.Debug|Any CPU.Build.0 = Debug|Any CPU
		{DD823CA7-15A3-408E-9D42-BB2A5A1E0418}.Release|Any CPU.ActiveCfg = Release|Any CPU
		{DD823CA7-15A3-408E-9D42-BB2A5A1E0418}.Release|Any CPU.Build.0 = Release|Any CPU
	EndGlobalSection
	GlobalSection(SolutionProperties) = preSolution
		HideSolutionNode = FALSE
	EndGlobalSection
	GlobalSection(ExtensibilityGlobals) = postSolution
		SolutionGuid = {2A3A22C1-49F6-4E79-8BE7-AEB81BB2880F}
	EndGlobalSection
EndGlobal
