
Microsoft Visual Studio Solution File, Format Version 12.00
# Visual Studio Version 16
VisualStudioVersion = 16.0.30309.148
MinimumVisualStudioVersion = 10.0.40219.1
Project("{FAE04EC0-301F-11D3-BF4B-00C04F79EFBC}") = "Brave new world", "Brave new world\Brave new world.csproj", "{A0792221-854E-4026-9960-350D74B1284B}"
EndProject
Global
	GlobalSection(SolutionConfigurationPlatforms) = preSolution
		Debug|Any CPU = Debug|Any CPU
		Release|Any CPU = Release|Any CPU
	EndGlobalSection
	GlobalSection(ProjectConfigurationPlatforms) = postSolution
		{A0792221-854E-4026-9960-350D74B1284B}.Debug|Any CPU.ActiveCfg = Debug|Any CPU
		{A0792221-854E-4026-9960-350D74B1284B}.Debug|Any CPU.Build.0 = Debug|Any CPU
		{A0792221-854E-4026-9960-350D74B1284B}.Release|Any CPU.ActiveCfg = Release|Any CPU
		{A0792221-854E-4026-9960-350D74B1284B}.Release|Any CPU.Build.0 = Release|Any CPU
	EndGlobalSection
	GlobalSection(SolutionProperties) = preSolution
		HideSolutionNode = FALSE
	EndGlobalSection
	GlobalSection(ExtensibilityGlobals) = postSolution
		SolutionGuid = {70E71AE8-87E9-498F-8351-F6CB27328577}
	EndGlobalSection
EndGlobal
