
Microsoft Visual Studio Solution File, Format Version 12.00
# Visual Studio Version 16
VisualStudioVersion = 16.0.30225.117
MinimumVisualStudioVersion = 10.0.40219.1
Project("{FAE04EC0-301F-11D3-BF4B-00C04F79EFBC}") = "Exit control", "Exit control.csproj", "{F6B05BCF-C634-4024-8F41-CE26234CF894}"
EndProject
Global
	GlobalSection(SolutionConfigurationPlatforms) = preSolution
		Debug|Any CPU = Debug|Any CPU
		Release|Any CPU = Release|Any CPU
	EndGlobalSection
	GlobalSection(ProjectConfigurationPlatforms) = postSolution
		{F6B05BCF-C634-4024-8F41-CE26234CF894}.Debug|Any CPU.ActiveCfg = Debug|Any CPU
		{F6B05BCF-C634-4024-8F41-CE26234CF894}.Debug|Any CPU.Build.0 = Debug|Any CPU
		{F6B05BCF-C634-4024-8F41-CE26234CF894}.Release|Any CPU.ActiveCfg = Release|Any CPU
		{F6B05BCF-C634-4024-8F41-CE26234CF894}.Release|Any CPU.Build.0 = Release|Any CPU
	EndGlobalSection
	GlobalSection(SolutionProperties) = preSolution
		HideSolutionNode = FALSE
	EndGlobalSection
	GlobalSection(ExtensibilityGlobals) = postSolution
		SolutionGuid = {A15EEFFF-E78D-4AAC-8FD7-FF0473AF8FA3}
	EndGlobalSection
EndGlobal
