
Microsoft Visual Studio Solution File, Format Version 12.00
# Visual Studio Version 16
VisualStudioVersion = 16.0.31129.286
MinimumVisualStudioVersion = 10.0.40219.1
Project("{FAE04EC0-301F-11D3-BF4B-00C04F79EFBC}") = "merging into one collection", "merging into one collection\merging into one collection.csproj", "{F8B2B133-F08A-4ED1-AA6B-885848370DFF}"
EndProject
Global
	GlobalSection(SolutionConfigurationPlatforms) = preSolution
		Debug|Any CPU = Debug|Any CPU
		Release|Any CPU = Release|Any CPU
	EndGlobalSection
	GlobalSection(ProjectConfigurationPlatforms) = postSolution
		{F8B2B133-F08A-4ED1-AA6B-885848370DFF}.Debug|Any CPU.ActiveCfg = Debug|Any CPU
		{F8B2B133-F08A-4ED1-AA6B-885848370DFF}.Debug|Any CPU.Build.0 = Debug|Any CPU
		{F8B2B133-F08A-4ED1-AA6B-885848370DFF}.Release|Any CPU.ActiveCfg = Release|Any CPU
		{F8B2B133-F08A-4ED1-AA6B-885848370DFF}.Release|Any CPU.Build.0 = Release|Any CPU
	EndGlobalSection
	GlobalSection(SolutionProperties) = preSolution
		HideSolutionNode = FALSE
	EndGlobalSection
	GlobalSection(ExtensibilityGlobals) = postSolution
		SolutionGuid = {3F4712F6-452D-40CF-A118-0D1A1834759C}
	EndGlobalSection
EndGlobal
