
Microsoft Visual Studio Solution File, Format Version 12.00
# Visual Studio Version 16
VisualStudioVersion = 16.0.30225.117
MinimumVisualStudioVersion = 10.0.40219.1
Project("{FAE04EC0-301F-11D3-BF4B-00C04F79EFBC}") = "Переменные", "Переменные.csproj", "{4DC85481-066D-42CC-AFFF-91C2D31545FC}"
EndProject
Global
	GlobalSection(SolutionConfigurationPlatforms) = preSolution
		Debug|Any CPU = Debug|Any CPU
		Release|Any CPU = Release|Any CPU
	EndGlobalSection
	GlobalSection(ProjectConfigurationPlatforms) = postSolution
		{4DC85481-066D-42CC-AFFF-91C2D31545FC}.Debug|Any CPU.ActiveCfg = Debug|Any CPU
		{4DC85481-066D-42CC-AFFF-91C2D31545FC}.Debug|Any CPU.Build.0 = Debug|Any CPU
		{4DC85481-066D-42CC-AFFF-91C2D31545FC}.Release|Any CPU.ActiveCfg = Release|Any CPU
		{4DC85481-066D-42CC-AFFF-91C2D31545FC}.Release|Any CPU.Build.0 = Release|Any CPU
	EndGlobalSection
	GlobalSection(SolutionProperties) = preSolution
		HideSolutionNode = FALSE
	EndGlobalSection
	GlobalSection(ExtensibilityGlobals) = postSolution
		SolutionGuid = {6A8CF897-5AC1-4624-B7CD-39ED1E1F4CA9}
	EndGlobalSection
EndGlobal
