
Microsoft Visual Studio Solution File, Format Version 12.00
# Visual Studio Version 16
VisualStudioVersion = 16.0.30309.148
MinimumVisualStudioVersion = 10.0.40219.1
Project("{FAE04EC0-301F-11D3-BF4B-00C04F79EFBC}") = "Working with properties №29", "Working with properties №29\Working with properties №29.csproj", "{4F1C5688-539B-4237-9169-8D4E814A8741}"
EndProject
Global
	GlobalSection(SolutionConfigurationPlatforms) = preSolution
		Debug|Any CPU = Debug|Any CPU
		Release|Any CPU = Release|Any CPU
	EndGlobalSection
	GlobalSection(ProjectConfigurationPlatforms) = postSolution
		{4F1C5688-539B-4237-9169-8D4E814A8741}.Debug|Any CPU.ActiveCfg = Debug|Any CPU
		{4F1C5688-539B-4237-9169-8D4E814A8741}.Debug|Any CPU.Build.0 = Debug|Any CPU
		{4F1C5688-539B-4237-9169-8D4E814A8741}.Release|Any CPU.ActiveCfg = Release|Any CPU
		{4F1C5688-539B-4237-9169-8D4E814A8741}.Release|Any CPU.Build.0 = Release|Any CPU
	EndGlobalSection
	GlobalSection(SolutionProperties) = preSolution
		HideSolutionNode = FALSE
	EndGlobalSection
	GlobalSection(ExtensibilityGlobals) = postSolution
		SolutionGuid = {7D1EDAC9-A43B-435C-90F5-CCD466DF03C7}
	EndGlobalSection
EndGlobal
