
Microsoft Visual Studio Solution File, Format Version 12.00
# Visual Studio Version 16
VisualStudioVersion = 16.0.30309.148
MinimumVisualStudioVersion = 10.0.40219.1
Project("{FAE04EC0-301F-11D3-BF4B-00C04F79EFBC}") = "Working with classes 28", "Working with classes 28\Working with classes 28.csproj", "{7B04948D-3C8D-4279-B945-570313A843E2}"
EndProject
Global
	GlobalSection(SolutionConfigurationPlatforms) = preSolution
		Debug|Any CPU = Debug|Any CPU
		Release|Any CPU = Release|Any CPU
	EndGlobalSection
	GlobalSection(ProjectConfigurationPlatforms) = postSolution
		{7B04948D-3C8D-4279-B945-570313A843E2}.Debug|Any CPU.ActiveCfg = Debug|Any CPU
		{7B04948D-3C8D-4279-B945-570313A843E2}.Debug|Any CPU.Build.0 = Debug|Any CPU
		{7B04948D-3C8D-4279-B945-570313A843E2}.Release|Any CPU.ActiveCfg = Release|Any CPU
		{7B04948D-3C8D-4279-B945-570313A843E2}.Release|Any CPU.Build.0 = Release|Any CPU
	EndGlobalSection
	GlobalSection(SolutionProperties) = preSolution
		HideSolutionNode = FALSE
	EndGlobalSection
	GlobalSection(ExtensibilityGlobals) = postSolution
		SolutionGuid = {852DB30F-951D-45D2-BFEB-2C1210ABC08B}
	EndGlobalSection
EndGlobal
